// !$*UTF8*$!
{
	archiveVersion = 1;
	classes = {
	};
	objectVersion = 56;
	objects = {

/* Begin PBXBuildFile section */
		C8F0D2028AB9E3B6792A3B68 /* Pods_Tezza_Assignment.framework in Frameworks */ = {isa = PBXBuildFile; fileRef = D8BEB687CB8C5D44BE6AC4A0 /* Pods_Tezza_Assignment.framework */; };
		E11FC5642D1A299F0051D2F3 /* Tezza_AssignmentApp.swift in Sources */ = {isa = PBXBuildFile; fileRef = E11FC5632D1A299E0051D2F3 /* Tezza_AssignmentApp.swift */; };
		E11FC5662D1A299F0051D2F3 /* MainView.swift in Sources */ = {isa = PBXBuildFile; fileRef = E11FC5652D1A299F0051D2F3 /* MainView.swift */; };
		E11FC5682D1A29A20051D2F3 /* Assets.xcassets in Resources */ = {isa = PBXBuildFile; fileRef = E11FC5672D1A29A20051D2F3 /* Assets.xcassets */; };
		E11FC5742D1A366E0051D2F3 /* CircleButtonView.swift in Sources */ = {isa = PBXBuildFile; fileRef = E11FC5732D1A366D0051D2F3 /* CircleButtonView.swift */; };
		E11FC57A2D1A4A5B0051D2F3 /* CustomPicker.swift in Sources */ = {isa = PBXBuildFile; fileRef = E11FC5792D1A4A5B0051D2F3 /* CustomPicker.swift */; };
		E11FC57C2D1B37690051D2F3 /* CustomSegmentedControl.swift in Sources */ = {isa = PBXBuildFile; fileRef = E11FC57B2D1B37690051D2F3 /* CustomSegmentedControl.swift */; };
		E11FC5812D1B444B0051D2F3 /* ShareableRealmDB.swift in Sources */ = {isa = PBXBuildFile; fileRef = E11FC57F2D1B444B0051D2F3 /* ShareableRealmDB.swift */; };
		E12519AE2D1F1D1200AD69B2 /* RealmDatabase.swift in Sources */ = {isa = PBXBuildFile; fileRef = E12519AD2D1F1D1100AD69B2 /* RealmDatabase.swift */; };
		E12519B02D1F243100AD69B2 /* CommonConstants.swift in Sources */ = {isa = PBXBuildFile; fileRef = E12519AF2D1F243100AD69B2 /* CommonConstants.swift */; };
		E12519B22D1F247F00AD69B2 /* PickerConstants.swift in Sources */ = {isa = PBXBuildFile; fileRef = E12519B12D1F247E00AD69B2 /* PickerConstants.swift */; };
		E12519B62D1FAB9200AD69B2 /* DatabaseViewModel.swift in Sources */ = {isa = PBXBuildFile; fileRef = E12519B52D1FAB9100AD69B2 /* DatabaseViewModel.swift */; };
		E12519B82D1FB0B300AD69B2 /* DatabaseModel.swift in Sources */ = {isa = PBXBuildFile; fileRef = E12519B72D1FB0B300AD69B2 /* DatabaseModel.swift */; };
		E12519BA2D1FBB3D00AD69B2 /* MediaDetailView.swift in Sources */ = {isa = PBXBuildFile; fileRef = E12519B92D1FBB3D00AD69B2 /* MediaDetailView.swift */; };
		E12519BC2D1FBB6E00AD69B2 /* MediaDetailContentView.swift in Sources */ = {isa = PBXBuildFile; fileRef = E12519BB2D1FBB6E00AD69B2 /* MediaDetailContentView.swift */; };
		E12519BE2D1FBB8600AD69B2 /* LoopingVideoPlayerView.swift in Sources */ = {isa = PBXBuildFile; fileRef = E12519BD2D1FBB8600AD69B2 /* LoopingVideoPlayerView.swift */; };
		E12519C02D1FBBD100AD69B2 /* MediaCellView.swift in Sources */ = {isa = PBXBuildFile; fileRef = E12519BF2D1FBBD100AD69B2 /* MediaCellView.swift */; };
		E12519C82D1FDAFD00AD69B2 /* CustomModifiers.swift in Sources */ = {isa = PBXBuildFile; fileRef = E12519C72D1FDAFD00AD69B2 /* CustomModifiers.swift */; };
		E14BEA5E2D205A5200D23EEA /* Utilities.swift in Sources */ = {isa = PBXBuildFile; fileRef = E14BEA5D2D205A5200D23EEA /* Utilities.swift */; };
		E1758FBC2D1CE0C50018A74B /* Extensions.swift in Sources */ = {isa = PBXBuildFile; fileRef = E1758FBB2D1CE0C50018A74B /* Extensions.swift */; };
		E1758FBE2D1CE1720018A74B /* color.xcassets in Resources */ = {isa = PBXBuildFile; fileRef = E1758FBD2D1CE1720018A74B /* color.xcassets */; };
		E1758FDF2D1D1C8F0018A74B /* PickerModel.swift in Sources */ = {isa = PBXBuildFile; fileRef = E1758FDE2D1D1C8F0018A74B /* PickerModel.swift */; };
		E1758FE12D1D1CF50018A74B /* PickerViewModel.swift in Sources */ = {isa = PBXBuildFile; fileRef = E1758FE02D1D1CF50018A74B /* PickerViewModel.swift */; };
		E18FD5F12D25FE7100BAC7B3 /* AsyncImage.swift in Sources */ = {isa = PBXBuildFile; fileRef = E18FD5F02D25FE7100BAC7B3 /* AsyncImage.swift */; };
		E1BDB2DC2D1DD1D70007F1E8 /* PickerDataService.swift in Sources */ = {isa = PBXBuildFile; fileRef = E1BDB2DB2D1DD1D70007F1E8 /* PickerDataService.swift */; };
		E1BFDFE32D20EB0D006A55D5 /* EditingToolbarView.swift in Sources */ = {isa = PBXBuildFile; fileRef = E1BFDFE22D20EB0D006A55D5 /* EditingToolbarView.swift */; };
		E1E0FF3A2D1B94040059AAEB /* LibraryView.swift in Sources */ = {isa = PBXBuildFile; fileRef = E1E0FF392D1B94040059AAEB /* LibraryView.swift */; };
		E1ECCC3D2D221B58006A4E1A /* CustomCellViewAsync.swift in Sources */ = {isa = PBXBuildFile; fileRef = E1ECCC3C2D221B58006A4E1A /* CustomCellViewAsync.swift */; };
/* End PBXBuildFile section */

/* Begin PBXFileReference section */
		76AD4BF6C343C1298F8E94BA /* Pods-Tezza_Assignment.debug.xcconfig */ = {isa = PBXFileReference; includeInIndex = 1; lastKnownFileType = text.xcconfig; name = "Pods-Tezza_Assignment.debug.xcconfig"; path = "Target Support Files/Pods-Tezza_Assignment/Pods-Tezza_Assignment.debug.xcconfig"; sourceTree = "<group>"; };
		D8BEB687CB8C5D44BE6AC4A0 /* Pods_Tezza_Assignment.framework */ = {isa = PBXFileReference; explicitFileType = wrapper.framework; includeInIndex = 0; path = Pods_Tezza_Assignment.framework; sourceTree = BUILT_PRODUCTS_DIR; };
		E11FC5602D1A299E0051D2F3 /* Tezza_Assignment.app */ = {isa = PBXFileReference; explicitFileType = wrapper.application; includeInIndex = 0; path = Tezza_Assignment.app; sourceTree = BUILT_PRODUCTS_DIR; };
		E11FC5632D1A299E0051D2F3 /* Tezza_AssignmentApp.swift */ = {isa = PBXFileReference; lastKnownFileType = sourcecode.swift; path = Tezza_AssignmentApp.swift; sourceTree = "<group>"; };
		E11FC5652D1A299F0051D2F3 /* MainView.swift */ = {isa = PBXFileReference; lastKnownFileType = sourcecode.swift; path = MainView.swift; sourceTree = "<group>"; };
		E11FC5672D1A29A20051D2F3 /* Assets.xcassets */ = {isa = PBXFileReference; lastKnownFileType = folder.assetcatalog; path = Assets.xcassets; sourceTree = "<group>"; };
		E11FC5732D1A366D0051D2F3 /* CircleButtonView.swift */ = {isa = PBXFileReference; fileEncoding = 4; lastKnownFileType = sourcecode.swift; path = CircleButtonView.swift; sourceTree = "<group>"; };
		E11FC5792D1A4A5B0051D2F3 /* CustomPicker.swift */ = {isa = PBXFileReference; lastKnownFileType = sourcecode.swift; path = CustomPicker.swift; sourceTree = "<group>"; };
		E11FC57B2D1B37690051D2F3 /* CustomSegmentedControl.swift */ = {isa = PBXFileReference; lastKnownFileType = sourcecode.swift; path = CustomSegmentedControl.swift; sourceTree = "<group>"; };
		E11FC57F2D1B444B0051D2F3 /* ShareableRealmDB.swift */ = {isa = PBXFileReference; fileEncoding = 4; lastKnownFileType = sourcecode.swift; path = ShareableRealmDB.swift; sourceTree = "<group>"; };
		E12519AD2D1F1D1100AD69B2 /* RealmDatabase.swift */ = {isa = PBXFileReference; lastKnownFileType = sourcecode.swift; path = RealmDatabase.swift; sourceTree = "<group>"; };
		E12519AF2D1F243100AD69B2 /* CommonConstants.swift */ = {isa = PBXFileReference; lastKnownFileType = sourcecode.swift; path = CommonConstants.swift; sourceTree = "<group>"; };
		E12519B12D1F247E00AD69B2 /* PickerConstants.swift */ = {isa = PBXFileReference; lastKnownFileType = sourcecode.swift; path = PickerConstants.swift; sourceTree = "<group>"; };
		E12519B52D1FAB9100AD69B2 /* DatabaseViewModel.swift */ = {isa = PBXFileReference; lastKnownFileType = sourcecode.swift; path = DatabaseViewModel.swift; sourceTree = "<group>"; };
		E12519B72D1FB0B300AD69B2 /* DatabaseModel.swift */ = {isa = PBXFileReference; lastKnownFileType = sourcecode.swift; path = DatabaseModel.swift; sourceTree = "<group>"; };
		E12519B92D1FBB3D00AD69B2 /* MediaDetailView.swift */ = {isa = PBXFileReference; lastKnownFileType = sourcecode.swift; path = MediaDetailView.swift; sourceTree = "<group>"; };
		E12519BB2D1FBB6E00AD69B2 /* MediaDetailContentView.swift */ = {isa = PBXFileReference; lastKnownFileType = sourcecode.swift; path = MediaDetailContentView.swift; sourceTree = "<group>"; };
		E12519BD2D1FBB8600AD69B2 /* LoopingVideoPlayerView.swift */ = {isa = PBXFileReference; lastKnownFileType = sourcecode.swift; path = LoopingVideoPlayerView.swift; sourceTree = "<group>"; };
		E12519BF2D1FBBD100AD69B2 /* MediaCellView.swift */ = {isa = PBXFileReference; lastKnownFileType = sourcecode.swift; path = MediaCellView.swift; sourceTree = "<group>"; };
		E12519C72D1FDAFD00AD69B2 /* CustomModifiers.swift */ = {isa = PBXFileReference; lastKnownFileType = sourcecode.swift; path = CustomModifiers.swift; sourceTree = "<group>"; };
		E14BEA5D2D205A5200D23EEA /* Utilities.swift */ = {isa = PBXFileReference; lastKnownFileType = sourcecode.swift; path = Utilities.swift; sourceTree = "<group>"; };
		E1758FBB2D1CE0C50018A74B /* Extensions.swift */ = {isa = PBXFileReference; lastKnownFileType = sourcecode.swift; path = Extensions.swift; sourceTree = "<group>"; };
		E1758FBD2D1CE1720018A74B /* color.xcassets */ = {isa = PBXFileReference; lastKnownFileType = folder.assetcatalog; path = color.xcassets; sourceTree = "<group>"; };
		E1758FDE2D1D1C8F0018A74B /* PickerModel.swift */ = {isa = PBXFileReference; lastKnownFileType = sourcecode.swift; path = PickerModel.swift; sourceTree = "<group>"; };
		E1758FE02D1D1CF50018A74B /* PickerViewModel.swift */ = {isa = PBXFileReference; lastKnownFileType = sourcecode.swift; path = PickerViewModel.swift; sourceTree = "<group>"; };
		E18FD5F02D25FE7100BAC7B3 /* AsyncImage.swift */ = {isa = PBXFileReference; fileEncoding = 4; lastKnownFileType = sourcecode.swift; path = AsyncImage.swift; sourceTree = "<group>"; };
		E1BDB2DB2D1DD1D70007F1E8 /* PickerDataService.swift */ = {isa = PBXFileReference; lastKnownFileType = sourcecode.swift; path = PickerDataService.swift; sourceTree = "<group>"; };
		E1BFDFE22D20EB0D006A55D5 /* EditingToolbarView.swift */ = {isa = PBXFileReference; lastKnownFileType = sourcecode.swift; path = EditingToolbarView.swift; sourceTree = "<group>"; };
		E1E0FF392D1B94040059AAEB /* LibraryView.swift */ = {isa = PBXFileReference; lastKnownFileType = sourcecode.swift; path = LibraryView.swift; sourceTree = "<group>"; };
		E1ECCC3C2D221B58006A4E1A /* CustomCellViewAsync.swift */ = {isa = PBXFileReference; lastKnownFileType = sourcecode.swift; path = CustomCellViewAsync.swift; sourceTree = "<group>"; };
		E65C12BD71AE7A6B823774BA /* Pods-Tezza_Assignment.release.xcconfig */ = {isa = PBXFileReference; includeInIndex = 1; lastKnownFileType = text.xcconfig; name = "Pods-Tezza_Assignment.release.xcconfig"; path = "Target Support Files/Pods-Tezza_Assignment/Pods-Tezza_Assignment.release.xcconfig"; sourceTree = "<group>"; };
/* End PBXFileReference section */

/* Begin PBXFrameworksBuildPhase section */
		E11FC55D2D1A299E0051D2F3 /* Frameworks */ = {
			isa = PBXFrameworksBuildPhase;
			buildActionMask = 2147483647;
			files = (
				C8F0D2028AB9E3B6792A3B68 /* Pods_Tezza_Assignment.framework in Frameworks */,
			);
			runOnlyForDeploymentPostprocessing = 0;
		};
/* End PBXFrameworksBuildPhase section */

/* Begin PBXGroup section */
		3B476EA4D8150F31789261BC /* Pods */ = {
			isa = PBXGroup;
			children = (
				76AD4BF6C343C1298F8E94BA /* Pods-Tezza_Assignment.debug.xcconfig */,
				E65C12BD71AE7A6B823774BA /* Pods-Tezza_Assignment.release.xcconfig */,
			);
			path = Pods;
			sourceTree = "<group>";
		};
		AD07C92FD8CB85F1902ECEB0 /* Frameworks */ = {
			isa = PBXGroup;
			children = (
				D8BEB687CB8C5D44BE6AC4A0 /* Pods_Tezza_Assignment.framework */,
			);
			name = Frameworks;
			sourceTree = "<group>";
		};
		E11FC5572D1A299E0051D2F3 = {
			isa = PBXGroup;
			children = (
				E11FC5622D1A299E0051D2F3 /* Tezza_Assignment */,
				E11FC5612D1A299E0051D2F3 /* Products */,
				3B476EA4D8150F31789261BC /* Pods */,
				AD07C92FD8CB85F1902ECEB0 /* Frameworks */,
			);
			sourceTree = "<group>";
		};
		E11FC5612D1A299E0051D2F3 /* Products */ = {
			isa = PBXGroup;
			children = (
				E11FC5602D1A299E0051D2F3 /* Tezza_Assignment.app */,
			);
			name = Products;
			sourceTree = "<group>";
		};
		E11FC5622D1A299E0051D2F3 /* Tezza_Assignment */ = {
			isa = PBXGroup;
			children = (
				E14BEA5C2D205A3F00D23EEA /* Utility */,
				E1758FBA2D1CE0AF0018A74B /* Extensions */,
				E1E0FF382D1B931D0059AAEB /* MainView */,
				E11FC57D2D1B44390051D2F3 /* Database */,
				E11FC5782D1A4A530051D2F3 /* CustomPicker */,
				E11FC5632D1A299E0051D2F3 /* Tezza_AssignmentApp.swift */,
				E11FC5672D1A29A20051D2F3 /* Assets.xcassets */,
				E1758FBD2D1CE1720018A74B /* color.xcassets */,
			);
			path = Tezza_Assignment;
			sourceTree = "<group>";
		};
		E11FC5782D1A4A530051D2F3 /* CustomPicker */ = {
			isa = PBXGroup;
			children = (
				E1758FDE2D1D1C8F0018A74B /* PickerModel.swift */,
				E1BDB2DB2D1DD1D70007F1E8 /* PickerDataService.swift */,
				E1758FE02D1D1CF50018A74B /* PickerViewModel.swift */,
				E11FC5792D1A4A5B0051D2F3 /* CustomPicker.swift */,
				E1ECCC3C2D221B58006A4E1A /* CustomCellViewAsync.swift */,
				E18FD5F02D25FE7100BAC7B3 /* AsyncImage.swift */,
				E11FC57B2D1B37690051D2F3 /* CustomSegmentedControl.swift */,
				E11FC5732D1A366D0051D2F3 /* CircleButtonView.swift */,
				E12519B12D1F247E00AD69B2 /* PickerConstants.swift */,
			);
			path = CustomPicker;
			sourceTree = "<group>";
		};
		E11FC57D2D1B44390051D2F3 /* Database */ = {
			isa = PBXGroup;
			children = (
				E12519B72D1FB0B300AD69B2 /* DatabaseModel.swift */,
				E12519AD2D1F1D1100AD69B2 /* RealmDatabase.swift */,
				E12519B52D1FAB9100AD69B2 /* DatabaseViewModel.swift */,
				E11FC57F2D1B444B0051D2F3 /* ShareableRealmDB.swift */,
			);
			path = Database;
			sourceTree = "<group>";
		};
		E14BEA5C2D205A3F00D23EEA /* Utility */ = {
			isa = PBXGroup;
			children = (
				E12519AF2D1F243100AD69B2 /* CommonConstants.swift */,
				E14BEA5D2D205A5200D23EEA /* Utilities.swift */,
			);
			path = Utility;
			sourceTree = "<group>";
		};
		E1758FBA2D1CE0AF0018A74B /* Extensions */ = {
			isa = PBXGroup;
			children = (
				E1758FBB2D1CE0C50018A74B /* Extensions.swift */,
			);
			path = Extensions;
			sourceTree = "<group>";
		};
		E1E0FF382D1B931D0059AAEB /* MainView */ = {
			isa = PBXGroup;
			children = (
				E11FC5652D1A299F0051D2F3 /* MainView.swift */,
				E1E0FF392D1B94040059AAEB /* LibraryView.swift */,
				E12519BF2D1FBBD100AD69B2 /* MediaCellView.swift */,
				E12519B92D1FBB3D00AD69B2 /* MediaDetailView.swift */,
				E12519BB2D1FBB6E00AD69B2 /* MediaDetailContentView.swift */,
				E12519BD2D1FBB8600AD69B2 /* LoopingVideoPlayerView.swift */,
				E12519C72D1FDAFD00AD69B2 /* CustomModifiers.swift */,
				E1BFDFE22D20EB0D006A55D5 /* EditingToolbarView.swift */,
			);
			path = MainView;
			sourceTree = "<group>";
		};
/* End PBXGroup section */

/* Begin PBXNativeTarget section */
		E11FC55F2D1A299E0051D2F3 /* Tezza_Assignment */ = {
			isa = PBXNativeTarget;
			buildConfigurationList = E11FC56E2D1A29A20051D2F3 /* Build configuration list for PBXNativeTarget "Tezza_Assignment" */;
			buildPhases = (
				4DB76D5842F8C2A001A3DC8B /* [CP] Check Pods Manifest.lock */,
				E11FC55C2D1A299E0051D2F3 /* Sources */,
				E11FC55D2D1A299E0051D2F3 /* Frameworks */,
				E11FC55E2D1A299E0051D2F3 /* Resources */,
				F4C4950322CD3C522E99927A /* [CP] Embed Pods Frameworks */,
			);
			buildRules = (
			);
			dependencies = (
			);
			name = Tezza_Assignment;
			productName = Tezza_Assignment;
			productReference = E11FC5602D1A299E0051D2F3 /* Tezza_Assignment.app */;
			productType = "com.apple.product-type.application";
		};
/* End PBXNativeTarget section */

/* Begin PBXProject section */
		E11FC5582D1A299E0051D2F3 /* Project object */ = {
			isa = PBXProject;
			attributes = {
				BuildIndependentTargetsInParallel = 1;
				LastSwiftUpdateCheck = 1420;
				LastUpgradeCheck = 1420;
				TargetAttributes = {
					E11FC55F2D1A299E0051D2F3 = {
						CreatedOnToolsVersion = 14.2;
					};
				};
			};
			buildConfigurationList = E11FC55B2D1A299E0051D2F3 /* Build configuration list for PBXProject "Tezza_Assignment" */;
			compatibilityVersion = "Xcode 14.0";
			developmentRegion = en;
			hasScannedForEncodings = 0;
			knownRegions = (
				en,
				Base,
			);
			mainGroup = E11FC5572D1A299E0051D2F3;
			productRefGroup = E11FC5612D1A299E0051D2F3 /* Products */;
			projectDirPath = "";
			projectRoot = "";
			targets = (
				E11FC55F2D1A299E0051D2F3 /* Tezza_Assignment */,
			);
		};
/* End PBXProject section */

/* Begin PBXResourcesBuildPhase section */
		E11FC55E2D1A299E0051D2F3 /* Resources */ = {
			isa = PBXResourcesBuildPhase;
			buildActionMask = 2147483647;
			files = (
				E1758FBE2D1CE1720018A74B /* color.xcassets in Resources */,
				E11FC5682D1A29A20051D2F3 /* Assets.xcassets in Resources */,
			);
			runOnlyForDeploymentPostprocessing = 0;
		};
/* End PBXResourcesBuildPhase section */

/* Begin PBXShellScriptBuildPhase section */
		4DB76D5842F8C2A001A3DC8B /* [CP] Check Pods Manifest.lock */ = {
			isa = PBXShellScriptBuildPhase;
			buildActionMask = 2147483647;
			files = (
			);
			inputFileListPaths = (
			);
			inputPaths = (
				"${PODS_PODFILE_DIR_PATH}/Podfile.lock",
				"${PODS_ROOT}/Manifest.lock",
			);
			name = "[CP] Check Pods Manifest.lock";
			outputFileListPaths = (
			);
			outputPaths = (
				"$(DERIVED_FILE_DIR)/Pods-Tezza_Assignment-checkManifestLockResult.txt",
			);
			runOnlyForDeploymentPostprocessing = 0;
			shellPath = /bin/sh;
			shellScript = "diff \"${PODS_PODFILE_DIR_PATH}/Podfile.lock\" \"${PODS_ROOT}/Manifest.lock\" > /dev/null\nif [ $? != 0 ] ; then\n    # print error to STDERR\n    echo \"error: The sandbox is not in sync with the Podfile.lock. Run 'pod install' or update your CocoaPods installation.\" >&2\n    exit 1\nfi\n# This output is used by Xcode 'outputs' to avoid re-running this script phase.\necho \"SUCCESS\" > \"${SCRIPT_OUTPUT_FILE_0}\"\n";
			showEnvVarsInLog = 0;
		};
		F4C4950322CD3C522E99927A /* [CP] Embed Pods Frameworks */ = {
			isa = PBXShellScriptBuildPhase;
			buildActionMask = 2147483647;
			files = (
			);
			inputFileListPaths = (
				"${PODS_ROOT}/Target Support Files/Pods-Tezza_Assignment/Pods-Tezza_Assignment-frameworks-${CONFIGURATION}-input-files.xcfilelist",
			);
			name = "[CP] Embed Pods Frameworks";
			outputFileListPaths = (
				"${PODS_ROOT}/Target Support Files/Pods-Tezza_Assignment/Pods-Tezza_Assignment-frameworks-${CONFIGURATION}-output-files.xcfilelist",
			);
			runOnlyForDeploymentPostprocessing = 0;
			shellPath = /bin/sh;
			shellScript = "\"${PODS_ROOT}/Target Support Files/Pods-Tezza_Assignment/Pods-Tezza_Assignment-frameworks.sh\"\n";
			showEnvVarsInLog = 0;
		};
/* End PBXShellScriptBuildPhase section */

/* Begin PBXSourcesBuildPhase section */
		E11FC55C2D1A299E0051D2F3 /* Sources */ = {
			isa = PBXSourcesBuildPhase;
			buildActionMask = 2147483647;
			files = (
				E11FC57A2D1A4A5B0051D2F3 /* CustomPicker.swift in Sources */,
				E11FC5662D1A299F0051D2F3 /* MainView.swift in Sources */,
				E11FC5642D1A299F0051D2F3 /* Tezza_AssignmentApp.swift in Sources */,
				E12519B02D1F243100AD69B2 /* CommonConstants.swift in Sources */,
				E11FC5742D1A366E0051D2F3 /* CircleButtonView.swift in Sources */,
				E12519BA2D1FBB3D00AD69B2 /* MediaDetailView.swift in Sources */,
				E1758FBC2D1CE0C50018A74B /* Extensions.swift in Sources */,
				E1758FDF2D1D1C8F0018A74B /* PickerModel.swift in Sources */,
				E11FC57C2D1B37690051D2F3 /* CustomSegmentedControl.swift in Sources */,
				E1BFDFE32D20EB0D006A55D5 /* EditingToolbarView.swift in Sources */,
				E1ECCC3D2D221B58006A4E1A /* CustomCellViewAsync.swift in Sources */,
				E12519BC2D1FBB6E00AD69B2 /* MediaDetailContentView.swift in Sources */,
				E12519B82D1FB0B300AD69B2 /* DatabaseModel.swift in Sources */,
				E14BEA5E2D205A5200D23EEA /* Utilities.swift in Sources */,
				E1BDB2DC2D1DD1D70007F1E8 /* PickerDataService.swift in Sources */,
				E12519B22D1F247F00AD69B2 /* PickerConstants.swift in Sources */,
				E11FC5812D1B444B0051D2F3 /* ShareableRealmDB.swift in Sources */,
				E12519B62D1FAB9200AD69B2 /* DatabaseViewModel.swift in Sources */,
				E18FD5F12D25FE7100BAC7B3 /* AsyncImage.swift in Sources */,
				E1E0FF3A2D1B94040059AAEB /* LibraryView.swift in Sources */,
				E12519C82D1FDAFD00AD69B2 /* CustomModifiers.swift in Sources */,
				E12519AE2D1F1D1200AD69B2 /* RealmDatabase.swift in Sources */,
				E12519C02D1FBBD100AD69B2 /* MediaCellView.swift in Sources */,
				E12519BE2D1FBB8600AD69B2 /* LoopingVideoPlayerView.swift in Sources */,
				E1758FE12D1D1CF50018A74B /* PickerViewModel.swift in Sources */,
			);
			runOnlyForDeploymentPostprocessing = 0;
		};
/* End PBXSourcesBuildPhase section */

/* Begin XCBuildConfiguration section */
		E11FC56C2D1A29A20051D2F3 /* Debug */ = {
			isa = XCBuildConfiguration;
			buildSettings = {
				ALWAYS_SEARCH_USER_PATHS = NO;
				CLANG_ANALYZER_NONNULL = YES;
				CLANG_ANALYZER_NUMBER_OBJECT_CONVERSION = YES_AGGRESSIVE;
				CLANG_CXX_LANGUAGE_STANDARD = "gnu++20";
				CLANG_ENABLE_MODULES = YES;
				CLANG_ENABLE_OBJC_ARC = YES;
				CLANG_ENABLE_OBJC_WEAK = YES;
				CLANG_WARN_BLOCK_CAPTURE_AUTORELEASING = YES;
				CLANG_WARN_BOOL_CONVERSION = YES;
				CLANG_WARN_COMMA = YES;
				CLANG_WARN_CONSTANT_CONVERSION = YES;
				CLANG_WARN_DEPRECATED_OBJC_IMPLEMENTATIONS = YES;
				CLANG_WARN_DIRECT_OBJC_ISA_USAGE = YES_ERROR;
				CLANG_WARN_DOCUMENTATION_COMMENTS = YES;
				CLANG_WARN_EMPTY_BODY = YES;
				CLANG_WARN_ENUM_CONVERSION = YES;
				CLANG_WARN_INFINITE_RECURSION = YES;
				CLANG_WARN_INT_CONVERSION = YES;
				CLANG_WARN_NON_LITERAL_NULL_CONVERSION = YES;
				CLANG_WARN_OBJC_IMPLICIT_RETAIN_SELF = YES;
				CLANG_WARN_OBJC_LITERAL_CONVERSION = YES;
				CLANG_WARN_OBJC_ROOT_CLASS = YES_ERROR;
				CLANG_WARN_QUOTED_INCLUDE_IN_FRAMEWORK_HEADER = YES;
				CLANG_WARN_RANGE_LOOP_ANALYSIS = YES;
				CLANG_WARN_STRICT_PROTOTYPES = YES;
				CLANG_WARN_SUSPICIOUS_MOVE = YES;
				CLANG_WARN_UNGUARDED_AVAILABILITY = YES_AGGRESSIVE;
				CLANG_WARN_UNREACHABLE_CODE = YES;
				CLANG_WARN__DUPLICATE_METHOD_MATCH = YES;
				COPY_PHASE_STRIP = NO;
				DEBUG_INFORMATION_FORMAT = dwarf;
				ENABLE_STRICT_OBJC_MSGSEND = YES;
				ENABLE_TESTABILITY = YES;
				GCC_C_LANGUAGE_STANDARD = gnu11;
				GCC_DYNAMIC_NO_PIC = NO;
				GCC_NO_COMMON_BLOCKS = YES;
				GCC_OPTIMIZATION_LEVEL = 0;
				GCC_PREPROCESSOR_DEFINITIONS = (
					"DEBUG=1",
					"$(inherited)",
				);
				GCC_WARN_64_TO_32_BIT_CONVERSION = YES;
				GCC_WARN_ABOUT_RETURN_TYPE = YES_ERROR;
				GCC_WARN_UNDECLARED_SELECTOR = YES;
				GCC_WARN_UNINITIALIZED_AUTOS = YES_AGGRESSIVE;
				GCC_WARN_UNUSED_FUNCTION = YES;
				GCC_WARN_UNUSED_VARIABLE = YES;
				IPHONEOS_DEPLOYMENT_TARGET = 16.2;
				MTL_ENABLE_DEBUG_INFO = INCLUDE_SOURCE;
				MTL_FAST_MATH = YES;
				ONLY_ACTIVE_ARCH = YES;
				SDKROOT = iphoneos;
				SWIFT_ACTIVE_COMPILATION_CONDITIONS = DEBUG;
				SWIFT_OPTIMIZATION_LEVEL = "-Onone";
			};
			name = Debug;
		};
		E11FC56D2D1A29A20051D2F3 /* Release */ = {
			isa = XCBuildConfiguration;
			buildSettings = {
				ALWAYS_SEARCH_USER_PATHS = NO;
				CLANG_ANALYZER_NONNULL = YES;
				CLANG_ANALYZER_NUMBER_OBJECT_CONVERSION = YES_AGGRESSIVE;
				CLANG_CXX_LANGUAGE_STANDARD = "gnu++20";
				CLANG_ENABLE_MODULES = YES;
				CLANG_ENABLE_OBJC_ARC = YES;
				CLANG_ENABLE_OBJC_WEAK = YES;
				CLANG_WARN_BLOCK_CAPTURE_AUTORELEASING = YES;
				CLANG_WARN_BOOL_CONVERSION = YES;
				CLANG_WARN_COMMA = YES;
				CLANG_WARN_CONSTANT_CONVERSION = YES;
				CLANG_WARN_DEPRECATED_OBJC_IMPLEMENTATIONS = YES;
				CLANG_WARN_DIRECT_OBJC_ISA_USAGE = YES_ERROR;
				CLANG_WARN_DOCUMENTATION_COMMENTS = YES;
				CLANG_WARN_EMPTY_BODY = YES;
				CLANG_WARN_ENUM_CONVERSION = YES;
				CLANG_WARN_INFINITE_RECURSION = YES;
				CLANG_WARN_INT_CONVERSION = YES;
				CLANG_WARN_NON_LITERAL_NULL_CONVERSION = YES;
				CLANG_WARN_OBJC_IMPLICIT_RETAIN_SELF = YES;
				CLANG_WARN_OBJC_LITERAL_CONVERSION = YES;
				CLANG_WARN_OBJC_ROOT_CLASS = YES_ERROR;
				CLANG_WARN_QUOTED_INCLUDE_IN_FRAMEWORK_HEADER = YES;
				CLANG_WARN_RANGE_LOOP_ANALYSIS = YES;
				CLANG_WARN_STRICT_PROTOTYPES = YES;
				CLANG_WARN_SUSPICIOUS_MOVE = YES;
				CLANG_WARN_UNGUARDED_AVAILABILITY = YES_AGGRESSIVE;
				CLANG_WARN_UNREACHABLE_CODE = YES;
				CLANG_WARN__DUPLICATE_METHOD_MATCH = YES;
				COPY_PHASE_STRIP = NO;
				DEBUG_INFORMATION_FORMAT = "dwarf-with-dsym";
				ENABLE_NS_ASSERTIONS = NO;
				ENABLE_STRICT_OBJC_MSGSEND = YES;
				GCC_C_LANGUAGE_STANDARD = gnu11;
				GCC_NO_COMMON_BLOCKS = YES;
				GCC_WARN_64_TO_32_BIT_CONVERSION = YES;
				GCC_WARN_ABOUT_RETURN_TYPE = YES_ERROR;
				GCC_WARN_UNDECLARED_SELECTOR = YES;
				GCC_WARN_UNINITIALIZED_AUTOS = YES_AGGRESSIVE;
				GCC_WARN_UNUSED_FUNCTION = YES;
				GCC_WARN_UNUSED_VARIABLE = YES;
				IPHONEOS_DEPLOYMENT_TARGET = 16.2;
				MTL_ENABLE_DEBUG_INFO = NO;
				MTL_FAST_MATH = YES;
				SDKROOT = iphoneos;
				SWIFT_COMPILATION_MODE = wholemodule;
				SWIFT_OPTIMIZATION_LEVEL = "-O";
				VALIDATE_PRODUCT = YES;
			};
			name = Release;
		};
		E11FC56F2D1A29A20051D2F3 /* Debug */ = {
			isa = XCBuildConfiguration;
			baseConfigurationReference = 76AD4BF6C343C1298F8E94BA /* Pods-Tezza_Assignment.debug.xcconfig */;
			buildSettings = {
				ASSETCATALOG_COMPILER_APPICON_NAME = AppIcon;
				ASSETCATALOG_COMPILER_GLOBAL_ACCENT_COLOR_NAME = AccentColor;
				CODE_SIGN_STYLE = Automatic;
				CURRENT_PROJECT_VERSION = 1.0;
				DEVELOPMENT_TEAM = GBN66X758Y;
				ENABLE_PREVIEWS = YES;
				GENERATE_INFOPLIST_FILE = YES;
				INFOPLIST_KEY_CFBundleDisplayName = Version_1_1;
				INFOPLIST_KEY_NSAppleMusicUsageDescription = "Tezza would like to access you camera library";
				INFOPLIST_KEY_NSPhotoLibraryUsageDescription = "Tezza would like to acces your photo library";
				INFOPLIST_KEY_UIApplicationSceneManifest_Generation = YES;
				INFOPLIST_KEY_UIApplicationSupportsIndirectInputEvents = YES;
				INFOPLIST_KEY_UILaunchScreen_Generation = YES;
				INFOPLIST_KEY_UISupportedInterfaceOrientations = UIInterfaceOrientationPortrait;
				IPHONEOS_DEPLOYMENT_TARGET = 16.0;
				LD_RUNPATH_SEARCH_PATHS = (
					"$(inherited)",
					"@executable_path/Frameworks",
				);
				MARKETING_VERSION = 1.0.0;
				PRODUCT_BUNDLE_IDENTIFIER = "com.kas.Tezza-Assignment-4";
				PRODUCT_NAME = "$(TARGET_NAME)";
				SUPPORTED_PLATFORMS = "iphoneos iphonesimulator";
				SUPPORTS_MACCATALYST = NO;
				SUPPORTS_MAC_DESIGNED_FOR_IPHONE_IPAD = NO;
				SWIFT_EMIT_LOC_STRINGS = YES;
				SWIFT_VERSION = 5.0;
				TARGETED_DEVICE_FAMILY = 1;
			};
			name = Debug;
		};
		E11FC5702D1A29A20051D2F3 /* Release */ = {
			isa = XCBuildConfiguration;
			baseConfigurationReference = E65C12BD71AE7A6B823774BA /* Pods-Tezza_Assignment.release.xcconfig */;
			buildSettings = {
				ASSETCATALOG_COMPILER_APPICON_NAME = AppIcon;
				ASSETCATALOG_COMPILER_GLOBAL_ACCENT_COLOR_NAME = AccentColor;
				CODE_SIGN_STYLE = Automatic;
				CURRENT_PROJECT_VERSION = 1.0;
				DEVELOPMENT_TEAM = GBN66X758Y;
				ENABLE_PREVIEWS = YES;
				GENERATE_INFOPLIST_FILE = YES;
				INFOPLIST_KEY_CFBundleDisplayName = Version_1_1;
				INFOPLIST_KEY_NSAppleMusicUsageDescription = "Tezza would like to access you camera library";
				INFOPLIST_KEY_NSPhotoLibraryUsageDescription = "Tezza would like to acces your photo library";
				INFOPLIST_KEY_UIApplicationSceneManifest_Generation = YES;
				INFOPLIST_KEY_UIApplicationSupportsIndirectInputEvents = YES;
				INFOPLIST_KEY_UILaunchScreen_Generation = YES;
				INFOPLIST_KEY_UISupportedInterfaceOrientations = UIInterfaceOrientationPortrait;
				IPHONEOS_DEPLOYMENT_TARGET = 16.0;
				LD_RUNPATH_SEARCH_PATHS = (
					"$(inherited)",
					"@executable_path/Frameworks",
				);
				MARKETING_VERSION = 1.0.0;
				PRODUCT_BUNDLE_IDENTIFIER = "com.kas.Tezza-Assignment-4";
				PRODUCT_NAME = "$(TARGET_NAME)";
				SUPPORTED_PLATFORMS = "iphoneos iphonesimulator";
				SUPPORTS_MACCATALYST = NO;
				SUPPORTS_MAC_DESIGNED_FOR_IPHONE_IPAD = NO;
				SWIFT_EMIT_LOC_STRINGS = YES;
				SWIFT_VERSION = 5.0;
				TARGETED_DEVICE_FAMILY = 1;
			};
			name = Release;
		};
/* End XCBuildConfiguration section */

/* Begin XCConfigurationList section */
		E11FC55B2D1A299E0051D2F3 /* Build configuration list for PBXProject "Tezza_Assignment" */ = {
			isa = XCConfigurationList;
			buildConfigurations = (
				E11FC56C2D1A29A20051D2F3 /* Debug */,
				E11FC56D2D1A29A20051D2F3 /* Release */,
			);
			defaultConfigurationIsVisible = 0;
			defaultConfigurationName = Release;
		};
		E11FC56E2D1A29A20051D2F3 /* Build configuration list for PBXNativeTarget "Tezza_Assignment" */ = {
			isa = XCConfigurationList;
			buildConfigurations = (
				E11FC56F2D1A29A20051D2F3 /* Debug */,
				E11FC5702D1A29A20051D2F3 /* Release */,
			);
			defaultConfigurationIsVisible = 0;
			defaultConfigurationName = Release;
		};
/* End XCConfigurationList section */
	};
	rootObject = E11FC5582D1A299E0051D2F3 /* Project object */;
}
